
Microsoft Visual Studio Solution File, Format Version 12.00
# Visual Studio Version 16
VisualStudioVersion = 16.0.32126.315
MinimumVisualStudioVersion = 10.0.40219.1
Project("{9A19103F-16F7-4668-BE54-9A1E7A4F7556}") = "CleminemBot", "CleminemBot\CleminemBot.csproj", "{0510D723-F507-4175-B2AC-E2E4C790AFD0}"
EndProject
Project("{9A19103F-16F7-4668-BE54-9A1E7A4F7556}") = "DumbBot", "DumbBot\DumbBot.csproj", "{A25FC257-7807-4803-8540-172038791484}"
EndProject
Global
	GlobalSection(SolutionConfigurationPlatforms) = preSolution
		Debug|Any CPU = Debug|Any CPU
		Release|Any CPU = Release|Any CPU
	EndGlobalSection
	GlobalSection(ProjectConfigurationPlatforms) = postSolution
		{0510D723-F507-4175-B2AC-E2E4C790AFD0}.Debug|Any CPU.ActiveCfg = Debug|Any CPU
		{0510D723-F507-4175-B2AC-E2E4C790AFD0}.Debug|Any CPU.Build.0 = Debug|Any CPU
		{0510D723-F507-4175-B2AC-E2E4C790AFD0}.Release|Any CPU.ActiveCfg = Release|Any CPU
		{0510D723-F507-4175-B2AC-E2E4C790AFD0}.Release|Any CPU.Build.0 = Release|Any CPU
		{A25FC257-7807-4803-8540-172038791484}.Debug|Any CPU.ActiveCfg = Debug|Any CPU
		{A25FC257-7807-4803-8540-172038791484}.Debug|Any CPU.Build.0 = Debug|Any CPU
		{A25FC257-7807-4803-8540-172038791484}.Release|Any CPU.ActiveCfg = Release|Any CPU
		{A25FC257-7807-4803-8540-172038791484}.Release|Any CPU.Build.0 = Release|Any CPU
	EndGlobalSection
	GlobalSection(SolutionProperties) = preSolution
		HideSolutionNode = FALSE
	EndGlobalSection
	GlobalSection(ExtensibilityGlobals) = postSolution
		SolutionGuid = {807798C1-A29E-4DDD-977A-D425214FC1EA}
	EndGlobalSection
EndGlobal
